
Microsoft Visual Studio Solution File, Format Version 12.00
# Visual Studio Version 17
VisualStudioVersion = 17.9.34728.123
MinimumVisualStudioVersion = 10.0.40219.1
Project("{9A19103F-16F7-4668-BE54-9A1E7A4F7556}") = "GbTest", "GbTest\GbTest.csproj", "{02484B07-D1EB-4DC0-8C94-FD493C9F9800}"
EndProject
Project("{9A19103F-16F7-4668-BE54-9A1E7A4F7556}") = "Config", "Config\Config.csproj", "{23DA072E-F32B-4443-813B-D9FCD4AC87B2}"
EndProject
Global
	GlobalSection(SolutionConfigurationPlatforms) = preSolution
		Debug|Any CPU = Debug|Any CPU
		Release|Any CPU = Release|Any CPU
	EndGlobalSection
	GlobalSection(ProjectConfigurationPlatforms) = postSolution
		{02484B07-D1EB-4DC0-8C94-FD493C9F9800}.Debug|Any CPU.ActiveCfg = Debug|Any CPU
		{02484B07-D1EB-4DC0-8C94-FD493C9F9800}.Debug|Any CPU.Build.0 = Debug|Any CPU
		{02484B07-D1EB-4DC0-8C94-FD493C9F9800}.Release|Any CPU.ActiveCfg = Release|Any CPU
		{02484B07-D1EB-4DC0-8C94-FD493C9F9800}.Release|Any CPU.Build.0 = Release|Any CPU
		{23DA072E-F32B-4443-813B-D9FCD4AC87B2}.Debug|Any CPU.ActiveCfg = Debug|Any CPU
		{23DA072E-F32B-4443-813B-D9FCD4AC87B2}.Debug|Any CPU.Build.0 = Debug|Any CPU
		{23DA072E-F32B-4443-813B-D9FCD4AC87B2}.Release|Any CPU.ActiveCfg = Release|Any CPU
		{23DA072E-F32B-4443-813B-D9FCD4AC87B2}.Release|Any CPU.Build.0 = Release|Any CPU
	EndGlobalSection
	GlobalSection(SolutionProperties) = preSolution
		HideSolutionNode = FALSE
	EndGlobalSection
	GlobalSection(ExtensibilityGlobals) = postSolution
		SolutionGuid = {7C96C840-8FA0-46C1-9158-76F413B7288B}
	EndGlobalSection
EndGlobal
